
Microsoft Visual Studio Solution File, Format Version 12.00
# Visual Studio Version 17
VisualStudioVersion = 17.9.34622.214
MinimumVisualStudioVersion = 10.0.40219.1
Project("{FAE04EC0-301F-11D3-BF4B-00C04F79EFBC}") = "EventEase.Api", "EventEase.Api\EventEase.Api.csproj", "{3CD99A35-0A67-44CE-8CB6-13389681F15D}"
EndProject
Global
	GlobalSection(SolutionConfigurationPlatforms) = preSolution
		Debug|Any CPU = Debug|Any CPU
		Release|Any CPU = Release|Any CPU
	EndGlobalSection
	GlobalSection(ProjectConfigurationPlatforms) = postSolution
		{3CD99A35-0A67-44CE-8CB6-13389681F15D}.Debug|Any CPU.ActiveCfg = Debug|Any CPU
		{3CD99A35-0A67-44CE-8CB6-13389681F15D}.Debug|Any CPU.Build.0 = Debug|Any CPU
		{3CD99A35-0A67-44CE-8CB6-13389681F15D}.Release|Any CPU.ActiveCfg = Release|Any CPU
		{3CD99A35-0A67-44CE-8CB6-13389681F15D}.Release|Any CPU.Build.0 = Release|Any CPU
	EndGlobalSection
	GlobalSection(SolutionProperties) = preSolution
		HideSolutionNode = FALSE
	EndGlobalSection
	GlobalSection(ExtensibilityGlobals) = postSolution
		SolutionGuid = {0AB0C91B-5CA8-41B0-90AC-7199F6D6DD8D}
	EndGlobalSection
EndGlobal
